
Microsoft Visual Studio Solution File, Format Version 12.00
# Visual Studio Version 17
VisualStudioVersion = 17.14.36518.9 d17.14
MinimumVisualStudioVersion = 10.0.40219.1
Project("{FAE04EC0-301F-11D3-BF4B-00C04F79EFBC}") = "LSRD_hmi", "LSRD_hmi\LSRD_hmi.csproj", "{207B963A-098D-41E1-8333-98AAFA79ADE8}"
EndProject
Global
	GlobalSection(SolutionConfigurationPlatforms) = preSolution
		Debug|Any CPU = Debug|Any CPU
		Release|Any CPU = Release|Any CPU
	EndGlobalSection
	GlobalSection(ProjectConfigurationPlatforms) = postSolution
		{207B963A-098D-41E1-8333-98AAFA79ADE8}.Debug|Any CPU.ActiveCfg = Debug|Any CPU
		{207B963A-098D-41E1-8333-98AAFA79ADE8}.Debug|Any CPU.Build.0 = Debug|Any CPU
		{207B963A-098D-41E1-8333-98AAFA79ADE8}.Release|Any CPU.ActiveCfg = Release|Any CPU
		{207B963A-098D-41E1-8333-98AAFA79ADE8}.Release|Any CPU.Build.0 = Release|Any CPU
	EndGlobalSection
	GlobalSection(SolutionProperties) = preSolution
		HideSolutionNode = FALSE
	EndGlobalSection
	GlobalSection(ExtensibilityGlobals) = postSolution
		SolutionGuid = {85BEC7D0-FBC2-4264-A7CA-668D3A6BB453}
	EndGlobalSection
EndGlobal
